// !$*UTF8*$!
{
	archiveVersion = 1;
	classes = {
	};
	objectVersion = 56;
	objects = {

/* Begin PBXBuildFile section */
		1E0A1ABC29424AEC0027DE92 /* ChartsViews.swift in Sources */ = {isa = PBXBuildFile; fileRef = 1E0A1ABB29424AEC0027DE92 /* ChartsViews.swift */; };
		1E74C582293ECC040077251D /* EnviormentVariablesView.swift in Sources */ = {isa = PBXBuildFile; fileRef = 1E74C581293ECC040077251D /* EnviormentVariablesView.swift */; };
		1E74C584293ECC140077251D /* EnviormentVariables.swift in Sources */ = {isa = PBXBuildFile; fileRef = 1E74C583293ECC140077251D /* EnviormentVariables.swift */; };
		1ED850F52938FCDF00B7C013 /* Swift_DemosApp.swift in Sources */ = {isa = PBXBuildFile; fileRef = 1ED850F42938FCDF00B7C013 /* Swift_DemosApp.swift */; };
		1ED850F72938FCDF00B7C013 /* ContentView.swift in Sources */ = {isa = PBXBuildFile; fileRef = 1ED850F62938FCDF00B7C013 /* ContentView.swift */; };
		1ED850F92938FCDF00B7C013 /* Assets.xcassets in Resources */ = {isa = PBXBuildFile; fileRef = 1ED850F82938FCDF00B7C013 /* Assets.xcassets */; };
		1ED850FC2938FCDF00B7C013 /* Preview Assets.xcassets in Resources */ = {isa = PBXBuildFile; fileRef = 1ED850FB2938FCDF00B7C013 /* Preview Assets.xcassets */; };
		1ED851062938FCE000B7C013 /* Swift_DemosTests.swift in Sources */ = {isa = PBXBuildFile; fileRef = 1ED851052938FCE000B7C013 /* Swift_DemosTests.swift */; };
		1ED851102938FCE000B7C013 /* Swift_DemosUITests.swift in Sources */ = {isa = PBXBuildFile; fileRef = 1ED8510F2938FCE000B7C013 /* Swift_DemosUITests.swift */; };
		1ED851122938FCE000B7C013 /* Swift_DemosUITestsLaunchTests.swift in Sources */ = {isa = PBXBuildFile; fileRef = 1ED851112938FCE000B7C013 /* Swift_DemosUITestsLaunchTests.swift */; };
		1ED851222938FD6800B7C013 /* People.xcdatamodeld in Sources */ = {isa = PBXBuildFile; fileRef = 1ED851202938FD6800B7C013 /* People.xcdatamodeld */; };
		1ED851242938FE3300B7C013 /* CoreDataDemo.swift in Sources */ = {isa = PBXBuildFile; fileRef = 1ED851232938FE3300B7C013 /* CoreDataDemo.swift */; };
		1ED85126293900ED00B7C013 /* CoreDataView.swift in Sources */ = {isa = PBXBuildFile; fileRef = 1ED85125293900ED00B7C013 /* CoreDataView.swift */; };
/* End PBXBuildFile section */

/* Begin PBXContainerItemProxy section */
		1ED851022938FCE000B7C013 /* PBXContainerItemProxy */ = {
			isa = PBXContainerItemProxy;
			containerPortal = 1ED850E92938FCDF00B7C013 /* Project object */;
			proxyType = 1;
			remoteGlobalIDString = 1ED850F02938FCDF00B7C013;
			remoteInfo = "Swift-Demos";
		};
		1ED8510C2938FCE000B7C013 /* PBXContainerItemProxy */ = {
			isa = PBXContainerItemProxy;
			containerPortal = 1ED850E92938FCDF00B7C013 /* Project object */;
			proxyType = 1;
			remoteGlobalIDString = 1ED850F02938FCDF00B7C013;
			remoteInfo = "Swift-Demos";
		};
/* End PBXContainerItemProxy section */

/* Begin PBXFileReference section */
		1E0A1ABB29424AEC0027DE92 /* ChartsViews.swift */ = {isa = PBXFileReference; lastKnownFileType = sourcecode.swift; path = ChartsViews.swift; sourceTree = "<group>"; };
		1E74C581293ECC040077251D /* EnviormentVariablesView.swift */ = {isa = PBXFileReference; lastKnownFileType = sourcecode.swift; path = EnviormentVariablesView.swift; sourceTree = "<group>"; };
		1E74C583293ECC140077251D /* EnviormentVariables.swift */ = {isa = PBXFileReference; lastKnownFileType = sourcecode.swift; path = EnviormentVariables.swift; sourceTree = "<group>"; };
		1ED850F12938FCDF00B7C013 /* Swift-Demos.app */ = {isa = PBXFileReference; explicitFileType = wrapper.application; includeInIndex = 0; path = "Swift-Demos.app"; sourceTree = BUILT_PRODUCTS_DIR; };
		1ED850F42938FCDF00B7C013 /* Swift_DemosApp.swift */ = {isa = PBXFileReference; lastKnownFileType = sourcecode.swift; path = Swift_DemosApp.swift; sourceTree = "<group>"; };
		1ED850F62938FCDF00B7C013 /* ContentView.swift */ = {isa = PBXFileReference; lastKnownFileType = sourcecode.swift; path = ContentView.swift; sourceTree = "<group>"; };
		1ED850F82938FCDF00B7C013 /* Assets.xcassets */ = {isa = PBXFileReference; lastKnownFileType = folder.assetcatalog; path = Assets.xcassets; sourceTree = "<group>"; };
		1ED850FB2938FCDF00B7C013 /* Preview Assets.xcassets */ = {isa = PBXFileReference; lastKnownFileType = folder.assetcatalog; path = "Preview Assets.xcassets"; sourceTree = "<group>"; };
		1ED851012938FCE000B7C013 /* Swift-DemosTests.xctest */ = {isa = PBXFileReference; explicitFileType = wrapper.cfbundle; includeInIndex = 0; path = "Swift-DemosTests.xctest"; sourceTree = BUILT_PRODUCTS_DIR; };
		1ED851052938FCE000B7C013 /* Swift_DemosTests.swift */ = {isa = PBXFileReference; lastKnownFileType = sourcecode.swift; path = Swift_DemosTests.swift; sourceTree = "<group>"; };
		1ED8510B2938FCE000B7C013 /* Swift-DemosUITests.xctest */ = {isa = PBXFileReference; explicitFileType = wrapper.cfbundle; includeInIndex = 0; path = "Swift-DemosUITests.xctest"; sourceTree = BUILT_PRODUCTS_DIR; };
		1ED8510F2938FCE000B7C013 /* Swift_DemosUITests.swift */ = {isa = PBXFileReference; lastKnownFileType = sourcecode.swift; path = Swift_DemosUITests.swift; sourceTree = "<group>"; };
		1ED851112938FCE000B7C013 /* Swift_DemosUITestsLaunchTests.swift */ = {isa = PBXFileReference; lastKnownFileType = sourcecode.swift; path = Swift_DemosUITestsLaunchTests.swift; sourceTree = "<group>"; };
		1ED851212938FD6800B7C013 /* People.xcdatamodel */ = {isa = PBXFileReference; lastKnownFileType = wrapper.xcdatamodel; path = People.xcdatamodel; sourceTree = "<group>"; };
		1ED851232938FE3300B7C013 /* CoreDataDemo.swift */ = {isa = PBXFileReference; lastKnownFileType = sourcecode.swift; path = CoreDataDemo.swift; sourceTree = "<group>"; };
		1ED85125293900ED00B7C013 /* CoreDataView.swift */ = {isa = PBXFileReference; lastKnownFileType = sourcecode.swift; path = CoreDataView.swift; sourceTree = "<group>"; };
/* End PBXFileReference section */

/* Begin PBXFrameworksBuildPhase section */
		1ED850EE2938FCDF00B7C013 /* Frameworks */ = {
			isa = PBXFrameworksBuildPhase;
			buildActionMask = 2147483647;
			files = (
			);
			runOnlyForDeploymentPostprocessing = 0;
		};
		1ED850FE2938FCE000B7C013 /* Frameworks */ = {
			isa = PBXFrameworksBuildPhase;
			buildActionMask = 2147483647;
			files = (
			);
			runOnlyForDeploymentPostprocessing = 0;
		};
		1ED851082938FCE000B7C013 /* Frameworks */ = {
			isa = PBXFrameworksBuildPhase;
			buildActionMask = 2147483647;
			files = (
			);
			runOnlyForDeploymentPostprocessing = 0;
		};
/* End PBXFrameworksBuildPhase section */

/* Begin PBXGroup section */
		1E0A1ABA29424AD40027DE92 /* Charts */ = {
			isa = PBXGroup;
			children = (
				1E0A1ABB29424AEC0027DE92 /* ChartsViews.swift */,
			);
			path = Charts;
			sourceTree = "<group>";
		};
		1E74C57E293ECBAE0077251D /* Core Data */ = {
			isa = PBXGroup;
			children = (
				1ED85125293900ED00B7C013 /* CoreDataView.swift */,
				1ED851232938FE3300B7C013 /* CoreDataDemo.swift */,
			);
			path = "Core Data";
			sourceTree = "<group>";
		};
		1E74C580293ECBDE0077251D /* Enviorment Variables */ = {
			isa = PBXGroup;
			children = (
				1E74C581293ECC040077251D /* EnviormentVariablesView.swift */,
				1E74C583293ECC140077251D /* EnviormentVariables.swift */,
			);
			path = "Enviorment Variables";
			sourceTree = "<group>";
		};
		1ED850E82938FCDF00B7C013 = {
			isa = PBXGroup;
			children = (
				1ED850F32938FCDF00B7C013 /* Swift-Demos */,
				1ED851042938FCE000B7C013 /* Swift-DemosTests */,
				1ED8510E2938FCE000B7C013 /* Swift-DemosUITests */,
				1ED850F22938FCDF00B7C013 /* Products */,
			);
			sourceTree = "<group>";
		};
		1ED850F22938FCDF00B7C013 /* Products */ = {
			isa = PBXGroup;
			children = (
				1ED850F12938FCDF00B7C013 /* Swift-Demos.app */,
				1ED851012938FCE000B7C013 /* Swift-DemosTests.xctest */,
				1ED8510B2938FCE000B7C013 /* Swift-DemosUITests.xctest */,
			);
			name = Products;
			sourceTree = "<group>";
		};
		1ED850F32938FCDF00B7C013 /* Swift-Demos */ = {
			isa = PBXGroup;
			children = (
				1E0A1ABA29424AD40027DE92 /* Charts */,
				1E74C580293ECBDE0077251D /* Enviorment Variables */,
				1E74C57E293ECBAE0077251D /* Core Data */,
				1ED851202938FD6800B7C013 /* People.xcdatamodeld */,
				1ED850F42938FCDF00B7C013 /* Swift_DemosApp.swift */,
				1ED850F62938FCDF00B7C013 /* ContentView.swift */,
				1ED850F82938FCDF00B7C013 /* Assets.xcassets */,
				1ED850FA2938FCDF00B7C013 /* Preview Content */,
			);
			path = "Swift-Demos";
			sourceTree = "<group>";
		};
		1ED850FA2938FCDF00B7C013 /* Preview Content */ = {
			isa = PBXGroup;
			children = (
				1ED850FB2938FCDF00B7C013 /* Preview Assets.xcassets */,
			);
			path = "Preview Content";
			sourceTree = "<group>";
		};
		1ED851042938FCE000B7C013 /* Swift-DemosTests */ = {
			isa = PBXGroup;
			children = (
				1ED851052938FCE000B7C013 /* Swift_DemosTests.swift */,
			);
			path = "Swift-DemosTests";
			sourceTree = "<group>";
		};
		1ED8510E2938FCE000B7C013 /* Swift-DemosUITests */ = {
			isa = PBXGroup;
			children = (
				1ED8510F2938FCE000B7C013 /* Swift_DemosUITests.swift */,
				1ED851112938FCE000B7C013 /* Swift_DemosUITestsLaunchTests.swift */,
			);
			path = "Swift-DemosUITests";
			sourceTree = "<group>";
		};
/* End PBXGroup section */

/* Begin PBXNativeTarget section */
		1ED850F02938FCDF00B7C013 /* Swift-Demos */ = {
			isa = PBXNativeTarget;
			buildConfigurationList = 1ED851152938FCE000B7C013 /* Build configuration list for PBXNativeTarget "Swift-Demos" */;
			buildPhases = (
				1ED850ED2938FCDF00B7C013 /* Sources */,
				1ED850EE2938FCDF00B7C013 /* Frameworks */,
				1ED850EF2938FCDF00B7C013 /* Resources */,
			);
			buildRules = (
			);
			dependencies = (
			);
			name = "Swift-Demos";
			productName = "Swift-Demos";
			productReference = 1ED850F12938FCDF00B7C013 /* Swift-Demos.app */;
			productType = "com.apple.product-type.application";
		};
		1ED851002938FCE000B7C013 /* Swift-DemosTests */ = {
			isa = PBXNativeTarget;
			buildConfigurationList = 1ED851182938FCE000B7C013 /* Build configuration list for PBXNativeTarget "Swift-DemosTests" */;
			buildPhases = (
				1ED850FD2938FCE000B7C013 /* Sources */,
				1ED850FE2938FCE000B7C013 /* Frameworks */,
				1ED850FF2938FCE000B7C013 /* Resources */,
			);
			buildRules = (
			);
			dependencies = (
				1ED851032938FCE000B7C013 /* PBXTargetDependency */,
			);
			name = "Swift-DemosTests";
			productName = "Swift-DemosTests";
			productReference = 1ED851012938FCE000B7C013 /* Swift-DemosTests.xctest */;
			productType = "com.apple.product-type.bundle.unit-test";
		};
		1ED8510A2938FCE000B7C013 /* Swift-DemosUITests */ = {
			isa = PBXNativeTarget;
			buildConfigurationList = 1ED8511B2938FCE000B7C013 /* Build configuration list for PBXNativeTarget "Swift-DemosUITests" */;
			buildPhases = (
				1ED851072938FCE000B7C013 /* Sources */,
				1ED851082938FCE000B7C013 /* Frameworks */,
				1ED851092938FCE000B7C013 /* Resources */,
			);
			buildRules = (
			);
			dependencies = (
				1ED8510D2938FCE000B7C013 /* PBXTargetDependency */,
			);
			name = "Swift-DemosUITests";
			productName = "Swift-DemosUITests";
			productReference = 1ED8510B2938FCE000B7C013 /* Swift-DemosUITests.xctest */;
			productType = "com.apple.product-type.bundle.ui-testing";
		};
/* End PBXNativeTarget section */

/* Begin PBXProject section */
		1ED850E92938FCDF00B7C013 /* Project object */ = {
			isa = PBXProject;
			attributes = {
				BuildIndependentTargetsInParallel = 1;
				LastSwiftUpdateCheck = 1410;
				LastUpgradeCheck = 1410;
				TargetAttributes = {
					1ED850F02938FCDF00B7C013 = {
						CreatedOnToolsVersion = 14.1;
					};
					1ED851002938FCE000B7C013 = {
						CreatedOnToolsVersion = 14.1;
						TestTargetID = 1ED850F02938FCDF00B7C013;
					};
					1ED8510A2938FCE000B7C013 = {
						CreatedOnToolsVersion = 14.1;
						TestTargetID = 1ED850F02938FCDF00B7C013;
					};
				};
			};
			buildConfigurationList = 1ED850EC2938FCDF00B7C013 /* Build configuration list for PBXProject "Swift-Demos" */;
			compatibilityVersion = "Xcode 14.0";
			developmentRegion = en;
			hasScannedForEncodings = 0;
			knownRegions = (
				en,
				Base,
			);
			mainGroup = 1ED850E82938FCDF00B7C013;
			productRefGroup = 1ED850F22938FCDF00B7C013 /* Products */;
			projectDirPath = "";
			projectRoot = "";
			targets = (
				1ED850F02938FCDF00B7C013 /* Swift-Demos */,
				1ED851002938FCE000B7C013 /* Swift-DemosTests */,
				1ED8510A2938FCE000B7C013 /* Swift-DemosUITests */,
			);
		};
/* End PBXProject section */

/* Begin PBXResourcesBuildPhase section */
		1ED850EF2938FCDF00B7C013 /* Resources */ = {
			isa = PBXResourcesBuildPhase;
			buildActionMask = 2147483647;
			files = (
				1ED850FC2938FCDF00B7C013 /* Preview Assets.xcassets in Resources */,
				1ED850F92938FCDF00B7C013 /* Assets.xcassets in Resources */,
			);
			runOnlyForDeploymentPostprocessing = 0;
		};
		1ED850FF2938FCE000B7C013 /* Resources */ = {
			isa = PBXResourcesBuildPhase;
			buildActionMask = 2147483647;
			files = (
			);
			runOnlyForDeploymentPostprocessing = 0;
		};
		1ED851092938FCE000B7C013 /* Resources */ = {
			isa = PBXResourcesBuildPhase;
			buildActionMask = 2147483647;
			files = (
			);
			runOnlyForDeploymentPostprocessing = 0;
		};
/* End PBXResourcesBuildPhase section */

/* Begin PBXSourcesBuildPhase section */
		1ED850ED2938FCDF00B7C013 /* Sources */ = {
			isa = PBXSourcesBuildPhase;
			buildActionMask = 2147483647;
			files = (
				1ED851242938FE3300B7C013 /* CoreDataDemo.swift in Sources */,
				1ED851222938FD6800B7C013 /* People.xcdatamodeld in Sources */,
				1ED850F72938FCDF00B7C013 /* ContentView.swift in Sources */,
				1E74C584293ECC140077251D /* EnviormentVariables.swift in Sources */,
				1E74C582293ECC040077251D /* EnviormentVariablesView.swift in Sources */,
				1ED850F52938FCDF00B7C013 /* Swift_DemosApp.swift in Sources */,
				1ED85126293900ED00B7C013 /* CoreDataView.swift in Sources */,
				1E0A1ABC29424AEC0027DE92 /* ChartsViews.swift in Sources */,
			);
			runOnlyForDeploymentPostprocessing = 0;
		};
		1ED850FD2938FCE000B7C013 /* Sources */ = {
			isa = PBXSourcesBuildPhase;
			buildActionMask = 2147483647;
			files = (
				1ED851062938FCE000B7C013 /* Swift_DemosTests.swift in Sources */,
			);
			runOnlyForDeploymentPostprocessing = 0;
		};
		1ED851072938FCE000B7C013 /* Sources */ = {
			isa = PBXSourcesBuildPhase;
			buildActionMask = 2147483647;
			files = (
				1ED851102938FCE000B7C013 /* Swift_DemosUITests.swift in Sources */,
				1ED851122938FCE000B7C013 /* Swift_DemosUITestsLaunchTests.swift in Sources */,
			);
			runOnlyForDeploymentPostprocessing = 0;
		};
/* End PBXSourcesBuildPhase section */

/* Begin PBXTargetDependency section */
		1ED851032938FCE000B7C013 /* PBXTargetDependency */ = {
			isa = PBXTargetDependency;
			target = 1ED850F02938FCDF00B7C013 /* Swift-Demos */;
			targetProxy = 1ED851022938FCE000B7C013 /* PBXContainerItemProxy */;
		};
		1ED8510D2938FCE000B7C013 /* PBXTargetDependency */ = {
			isa = PBXTargetDependency;
			target = 1ED850F02938FCDF00B7C013 /* Swift-Demos */;
			targetProxy = 1ED8510C2938FCE000B7C013 /* PBXContainerItemProxy */;
		};
/* End PBXTargetDependency section */

/* Begin XCBuildConfiguration section */
		1ED851132938FCE000B7C013 /* Debug */ = {
			isa = XCBuildConfiguration;
			buildSettings = {
				ALWAYS_SEARCH_USER_PATHS = NO;
				CLANG_ANALYZER_NONNULL = YES;
				CLANG_ANALYZER_NUMBER_OBJECT_CONVERSION = YES_AGGRESSIVE;
				CLANG_CXX_LANGUAGE_STANDARD = "gnu++20";
				CLANG_ENABLE_MODULES = YES;
				CLANG_ENABLE_OBJC_ARC = YES;
				CLANG_ENABLE_OBJC_WEAK = YES;
				CLANG_WARN_BLOCK_CAPTURE_AUTORELEASING = YES;
				CLANG_WARN_BOOL_CONVERSION = YES;
				CLANG_WARN_COMMA = YES;
				CLANG_WARN_CONSTANT_CONVERSION = YES;
				CLANG_WARN_DEPRECATED_OBJC_IMPLEMENTATIONS = YES;
				CLANG_WARN_DIRECT_OBJC_ISA_USAGE = YES_ERROR;
				CLANG_WARN_DOCUMENTATION_COMMENTS = YES;
				CLANG_WARN_EMPTY_BODY = YES;
				CLANG_WARN_ENUM_CONVERSION = YES;
				CLANG_WARN_INFINITE_RECURSION = YES;
				CLANG_WARN_INT_CONVERSION = YES;
				CLANG_WARN_NON_LITERAL_NULL_CONVERSION = YES;
				CLANG_WARN_OBJC_IMPLICIT_RETAIN_SELF = YES;
				CLANG_WARN_OBJC_LITERAL_CONVERSION = YES;
				CLANG_WARN_OBJC_ROOT_CLASS = YES_ERROR;
				CLANG_WARN_QUOTED_INCLUDE_IN_FRAMEWORK_HEADER = YES;
				CLANG_WARN_RANGE_LOOP_ANALYSIS = YES;
				CLANG_WARN_STRICT_PROTOTYPES = YES;
				CLANG_WARN_SUSPICIOUS_MOVE = YES;
				CLANG_WARN_UNGUARDED_AVAILABILITY = YES_AGGRESSIVE;
				CLANG_WARN_UNREACHABLE_CODE = YES;
				CLANG_WARN__DUPLICATE_METHOD_MATCH = YES;
				COPY_PHASE_STRIP = NO;
				DEBUG_INFORMATION_FORMAT = dwarf;
				ENABLE_STRICT_OBJC_MSGSEND = YES;
				ENABLE_TESTABILITY = YES;
				GCC_C_LANGUAGE_STANDARD = gnu11;
				GCC_DYNAMIC_NO_PIC = NO;
				GCC_NO_COMMON_BLOCKS = YES;
				GCC_OPTIMIZATION_LEVEL = 0;
				GCC_PREPROCESSOR_DEFINITIONS = (
					"DEBUG=1",
					"$(inherited)",
				);
				GCC_WARN_64_TO_32_BIT_CONVERSION = YES;
				GCC_WARN_ABOUT_RETURN_TYPE = YES_ERROR;
				GCC_WARN_UNDECLARED_SELECTOR = YES;
				GCC_WARN_UNINITIALIZED_AUTOS = YES_AGGRESSIVE;
				GCC_WARN_UNUSED_FUNCTION = YES;
				GCC_WARN_UNUSED_VARIABLE = YES;
				IPHONEOS_DEPLOYMENT_TARGET = 16.1;
				MTL_ENABLE_DEBUG_INFO = INCLUDE_SOURCE;
				MTL_FAST_MATH = YES;
				ONLY_ACTIVE_ARCH = YES;
				SDKROOT = iphoneos;
				SWIFT_ACTIVE_COMPILATION_CONDITIONS = DEBUG;
				SWIFT_OPTIMIZATION_LEVEL = "-Onone";
			};
			name = Debug;
		};
		1ED851142938FCE000B7C013 /* Release */ = {
			isa = XCBuildConfiguration;
			buildSettings = {
				ALWAYS_SEARCH_USER_PATHS = NO;
				CLANG_ANALYZER_NONNULL = YES;
				CLANG_ANALYZER_NUMBER_OBJECT_CONVERSION = YES_AGGRESSIVE;
				CLANG_CXX_LANGUAGE_STANDARD = "gnu++20";
				CLANG_ENABLE_MODULES = YES;
				CLANG_ENABLE_OBJC_ARC = YES;
				CLANG_ENABLE_OBJC_WEAK = YES;
				CLANG_WARN_BLOCK_CAPTURE_AUTORELEASING = YES;
				CLANG_WARN_BOOL_CONVERSION = YES;
				CLANG_WARN_COMMA = YES;
				CLANG_WARN_CONSTANT_CONVERSION = YES;
				CLANG_WARN_DEPRECATED_OBJC_IMPLEMENTATIONS = YES;
				CLANG_WARN_DIRECT_OBJC_ISA_USAGE = YES_ERROR;
				CLANG_WARN_DOCUMENTATION_COMMENTS = YES;
				CLANG_WARN_EMPTY_BODY = YES;
				CLANG_WARN_ENUM_CONVERSION = YES;
				CLANG_WARN_INFINITE_RECURSION = YES;
				CLANG_WARN_INT_CONVERSION = YES;
				CLANG_WARN_NON_LITERAL_NULL_CONVERSION = YES;
				CLANG_WARN_OBJC_IMPLICIT_RETAIN_SELF = YES;
				CLANG_WARN_OBJC_LITERAL_CONVERSION = YES;
				CLANG_WARN_OBJC_ROOT_CLASS = YES_ERROR;
				CLANG_WARN_QUOTED_INCLUDE_IN_FRAMEWORK_HEADER = YES;
				CLANG_WARN_RANGE_LOOP_ANALYSIS = YES;
				CLANG_WARN_STRICT_PROTOTYPES = YES;
				CLANG_WARN_SUSPICIOUS_MOVE = YES;
				CLANG_WARN_UNGUARDED_AVAILABILITY = YES_AGGRESSIVE;
				CLANG_WARN_UNREACHABLE_CODE = YES;
				CLANG_WARN__DUPLICATE_METHOD_MATCH = YES;
				COPY_PHASE_STRIP = NO;
				DEBUG_INFORMATION_FORMAT = "dwarf-with-dsym";
				ENABLE_NS_ASSERTIONS = NO;
				ENABLE_STRICT_OBJC_MSGSEND = YES;
				GCC_C_LANGUAGE_STANDARD = gnu11;
				GCC_NO_COMMON_BLOCKS = YES;
				GCC_WARN_64_TO_32_BIT_CONVERSION = YES;
				GCC_WARN_ABOUT_RETURN_TYPE = YES_ERROR;
				GCC_WARN_UNDECLARED_SELECTOR = YES;
				GCC_WARN_UNINITIALIZED_AUTOS = YES_AGGRESSIVE;
				GCC_WARN_UNUSED_FUNCTION = YES;
				GCC_WARN_UNUSED_VARIABLE = YES;
				IPHONEOS_DEPLOYMENT_TARGET = 16.1;
				MTL_ENABLE_DEBUG_INFO = NO;
				MTL_FAST_MATH = YES;
				SDKROOT = iphoneos;
				SWIFT_COMPILATION_MODE = wholemodule;
				SWIFT_OPTIMIZATION_LEVEL = "-O";
				VALIDATE_PRODUCT = YES;
			};
			name = Release;
		};
		1ED851162938FCE000B7C013 /* Debug */ = {
			isa = XCBuildConfiguration;
			buildSettings = {
				ASSETCATALOG_COMPILER_APPICON_NAME = AppIcon;
				ASSETCATALOG_COMPILER_GLOBAL_ACCENT_COLOR_NAME = AccentColor;
				CODE_SIGN_STYLE = Automatic;
				CURRENT_PROJECT_VERSION = 1;
				DEVELOPMENT_ASSET_PATHS = "\"Swift-Demos/Preview Content\"";
				DEVELOPMENT_TEAM = 5PWVWU8526;
				ENABLE_PREVIEWS = YES;
				GENERATE_INFOPLIST_FILE = YES;
				INFOPLIST_KEY_UIApplicationSceneManifest_Generation = YES;
				INFOPLIST_KEY_UIApplicationSupportsIndirectInputEvents = YES;
				INFOPLIST_KEY_UILaunchScreen_Generation = YES;
				INFOPLIST_KEY_UISupportedInterfaceOrientations_iPad = "UIInterfaceOrientationPortrait UIInterfaceOrientationPortraitUpsideDown UIInterfaceOrientationLandscapeLeft UIInterfaceOrientationLandscapeRight";
				INFOPLIST_KEY_UISupportedInterfaceOrientations_iPhone = "UIInterfaceOrientationPortrait UIInterfaceOrientationLandscapeLeft UIInterfaceOrientationLandscapeRight";
				LD_RUNPATH_SEARCH_PATHS = (
					"$(inherited)",
					"@executable_path/Frameworks",
				);
				MARKETING_VERSION = 1.0;
				PRODUCT_BUNDLE_IDENTIFIER = "com.hugh.Swift-Demos";
				PRODUCT_NAME = "$(TARGET_NAME)";
				SWIFT_EMIT_LOC_STRINGS = YES;
				SWIFT_VERSION = 5.0;
				TARGETED_DEVICE_FAMILY = "1,2";
			};
			name = Debug;
		};
		1ED851172938FCE000B7C013 /* Release */ = {
			isa = XCBuildConfiguration;
			buildSettings = {
				ASSETCATALOG_COMPILER_APPICON_NAME = AppIcon;
				ASSETCATALOG_COMPILER_GLOBAL_ACCENT_COLOR_NAME = AccentColor;
				CODE_SIGN_STYLE = Automatic;
				CURRENT_PROJECT_VERSION = 1;
				DEVELOPMENT_ASSET_PATHS = "\"Swift-Demos/Preview Content\"";
				DEVELOPMENT_TEAM = 5PWVWU8526;
				ENABLE_PREVIEWS = YES;
				GENERATE_INFOPLIST_FILE = YES;
				INFOPLIST_KEY_UIApplicationSceneManifest_Generation = YES;
				INFOPLIST_KEY_UIApplicationSupportsIndirectInputEvents = YES;
				INFOPLIST_KEY_UILaunchScreen_Generation = YES;
				INFOPLIST_KEY_UISupportedInterfaceOrientations_iPad = "UIInterfaceOrientationPortrait UIInterfaceOrientationPortraitUpsideDown UIInterfaceOrientationLandscapeLeft UIInterfaceOrientationLandscapeRight";
				INFOPLIST_KEY_UISupportedInterfaceOrientations_iPhone = "UIInterfaceOrientationPortrait UIInterfaceOrientationLandscapeLeft UIInterfaceOrientationLandscapeRight";
				LD_RUNPATH_SEARCH_PATHS = (
					"$(inherited)",
					"@executable_path/Frameworks",
				);
				MARKETING_VERSION = 1.0;
				PRODUCT_BUNDLE_IDENTIFIER = "com.hugh.Swift-Demos";
				PRODUCT_NAME = "$(TARGET_NAME)";
				SWIFT_EMIT_LOC_STRINGS = YES;
				SWIFT_VERSION = 5.0;
				TARGETED_DEVICE_FAMILY = "1,2";
			};
			name = Release;
		};
		1ED851192938FCE000B7C013 /* Debug */ = {
			isa = XCBuildConfiguration;
			buildSettings = {
				ALWAYS_EMBED_SWIFT_STANDARD_LIBRARIES = YES;
				BUNDLE_LOADER = "$(TEST_HOST)";
				CODE_SIGN_STYLE = Automatic;
				CURRENT_PROJECT_VERSION = 1;
				DEVELOPMENT_TEAM = 5PWVWU8526;
				GENERATE_INFOPLIST_FILE = YES;
				IPHONEOS_DEPLOYMENT_TARGET = 16.1;
				MARKETING_VERSION = 1.0;
				PRODUCT_BUNDLE_IDENTIFIER = "com.hugh.Swift-DemosTests";
				PRODUCT_NAME = "$(TARGET_NAME)";
				SWIFT_EMIT_LOC_STRINGS = NO;
				SWIFT_VERSION = 5.0;
				TARGETED_DEVICE_FAMILY = "1,2";
				TEST_HOST = "$(BUILT_PRODUCTS_DIR)/Swift-Demos.app/$(BUNDLE_EXECUTABLE_FOLDER_PATH)/Swift-Demos";
			};
			name = Debug;
		};
		1ED8511A2938FCE000B7C013 /* Release */ = {
			isa = XCBuildConfiguration;
			buildSettings = {
				ALWAYS_EMBED_SWIFT_STANDARD_LIBRARIES = YES;
				BUNDLE_LOADER = "$(TEST_HOST)";
				CODE_SIGN_STYLE = Automatic;
				CURRENT_PROJECT_VERSION = 1;
				DEVELOPMENT_TEAM = 5PWVWU8526;
				GENERATE_INFOPLIST_FILE = YES;
				IPHONEOS_DEPLOYMENT_TARGET = 16.1;
				MARKETING_VERSION = 1.0;
				PRODUCT_BUNDLE_IDENTIFIER = "com.hugh.Swift-DemosTests";
				PRODUCT_NAME = "$(TARGET_NAME)";
				SWIFT_EMIT_LOC_STRINGS = NO;
				SWIFT_VERSION = 5.0;
				TARGETED_DEVICE_FAMILY = "1,2";
				TEST_HOST = "$(BUILT_PRODUCTS_DIR)/Swift-Demos.app/$(BUNDLE_EXECUTABLE_FOLDER_PATH)/Swift-Demos";
			};
			name = Release;
		};
		1ED8511C2938FCE000B7C013 /* Debug */ = {
			isa = XCBuildConfiguration;
			buildSettings = {
				ALWAYS_EMBED_SWIFT_STANDARD_LIBRARIES = YES;
				CODE_SIGN_STYLE = Automatic;
				CURRENT_PROJECT_VERSION = 1;
				DEVELOPMENT_TEAM = 5PWVWU8526;
				GENERATE_INFOPLIST_FILE = YES;
				MARKETING_VERSION = 1.0;
				PRODUCT_BUNDLE_IDENTIFIER = "com.hugh.Swift-DemosUITests";
				PRODUCT_NAME = "$(TARGET_NAME)";
				SWIFT_EMIT_LOC_STRINGS = NO;
				SWIFT_VERSION = 5.0;
				TARGETED_DEVICE_FAMILY = "1,2";
				TEST_TARGET_NAME = "Swift-Demos";
			};
			name = Debug;
		};
		1ED8511D2938FCE000B7C013 /* Release */ = {
			isa = XCBuildConfiguration;
			buildSettings = {
				ALWAYS_EMBED_SWIFT_STANDARD_LIBRARIES = YES;
				CODE_SIGN_STYLE = Automatic;
				CURRENT_PROJECT_VERSION = 1;
				DEVELOPMENT_TEAM = 5PWVWU8526;
				GENERATE_INFOPLIST_FILE = YES;
				MARKETING_VERSION = 1.0;
				PRODUCT_BUNDLE_IDENTIFIER = "com.hugh.Swift-DemosUITests";
				PRODUCT_NAME = "$(TARGET_NAME)";
				SWIFT_EMIT_LOC_STRINGS = NO;
				SWIFT_VERSION = 5.0;
				TARGETED_DEVICE_FAMILY = "1,2";
				TEST_TARGET_NAME = "Swift-Demos";
			};
			name = Release;
		};
/* End XCBuildConfiguration section */

/* Begin XCConfigurationList section */
		1ED850EC2938FCDF00B7C013 /* Build configuration list for PBXProject "Swift-Demos" */ = {
			isa = XCConfigurationList;
			buildConfigurations = (
				1ED851132938FCE000B7C013 /* Debug */,
				1ED851142938FCE000B7C013 /* Release */,
			);
			defaultConfigurationIsVisible = 0;
			defaultConfigurationName = Release;
		};
		1ED851152938FCE000B7C013 /* Build configuration list for PBXNativeTarget "Swift-Demos" */ = {
			isa = XCConfigurationList;
			buildConfigurations = (
				1ED851162938FCE000B7C013 /* Debug */,
				1ED851172938FCE000B7C013 /* Release */,
			);
			defaultConfigurationIsVisible = 0;
			defaultConfigurationName = Release;
		};
		1ED851182938FCE000B7C013 /* Build configuration list for PBXNativeTarget "Swift-DemosTests" */ = {
			isa = XCConfigurationList;
			buildConfigurations = (
				1ED851192938FCE000B7C013 /* Debug */,
				1ED8511A2938FCE000B7C013 /* Release */,
			);
			defaultConfigurationIsVisible = 0;
			defaultConfigurationName = Release;
		};
		1ED8511B2938FCE000B7C013 /* Build configuration list for PBXNativeTarget "Swift-DemosUITests" */ = {
			isa = XCConfigurationList;
			buildConfigurations = (
				1ED8511C2938FCE000B7C013 /* Debug */,
				1ED8511D2938FCE000B7C013 /* Release */,
			);
			defaultConfigurationIsVisible = 0;
			defaultConfigurationName = Release;
		};
/* End XCConfigurationList section */

/* Begin XCVersionGroup section */
		1ED851202938FD6800B7C013 /* People.xcdatamodeld */ = {
			isa = XCVersionGroup;
			children = (
				1ED851212938FD6800B7C013 /* People.xcdatamodel */,
			);
			currentVersion = 1ED851212938FD6800B7C013 /* People.xcdatamodel */;
			path = People.xcdatamodeld;
			sourceTree = "<group>";
			versionGroupType = wrapper.xcdatamodel;
		};
/* End XCVersionGroup section */
	};
	rootObject = 1ED850E92938FCDF00B7C013 /* Project object */;
}
